{
  "name": "heckle-dev",
  "version": "0.0.1",
  "lockfileVersion": 3,
  "requires": true,
  "packages": {
    "": {
      "name": "heckle-dev",
      "version": "0.0.1",
      "license": "MIT",
      "workspaces": [
        "packages/*",
        "apps/*"
      ],
      "dependencies": {
        "playwright": "1.61.1",
        "rrweb": "2.0.1",
        "zod": "4.4.3"
      },
      "bin": {
        "heckle": "dist/apps/cli/bin/heckle.js"
      },
      "devDependencies": {
        "@types/node": "24.13.2",
        "typescript": "6.0.3"
      },
      "engines": {
        "node": ">=24"
      }
    },
    "apps/cli": {
      "name": "@heckle/cli",
      "version": "0.0.0",
      "bin": {
        "heckle": "bin/heckle.ts"
      }
    },
    "node_modules/@heckle/capture": {
      "resolved": "packages/capture",
      "link": true
    },
    "node_modules/@heckle/cli": {
      "resolved": "apps/cli",
      "link": true
    },
    "node_modules/@heckle/daemon": {
      "resolved": "packages/daemon",
      "link": true
    },
    "node_modules/@heckle/delivery": {
      "resolved": "packages/delivery",
      "link": true
    },
    "node_modules/@heckle/mcp": {
      "resolved": "packages/mcp",
      "link": true
    },
    "node_modules/@heckle/memory": {
      "resolved": "packages/memory",
      "link": true
    },
    "node_modules/@heckle/providers": {
      "resolved": "packages/providers",
      "link": true
    },
    "node_modules/@heckle/replay": {
      "resolved": "packages/replay",
      "link": true
    },
    "node_modules/@heckle/shared": {
      "resolved": "packages/shared",
      "link": true
    },
    "node_modules/@rrweb/types": {
      "version": "2.1.0",
      "resolved": "https://registry.npmjs.org/@rrweb/types/-/types-2.1.0.tgz",
      "integrity": "sha512-svOHkcuukP6rIjz2umwVsS7uYct+2h0N97+bg+8IJYKIUj5+YjwIvqx5y9NILFKPIu3yk+Mb+KDFfJ8RV+4JlA==",
      "license": "MIT"
    },
    "node_modules/@rrweb/utils": {
      "version": "2.1.0",
      "resolved": "https://registry.npmjs.org/@rrweb/utils/-/utils-2.1.0.tgz",
      "integrity": "sha512-hU7MT3TSdD+Do7FmMoHrBfPevFCheN5vo2mn97Y4vbXuwemopAmo8dqo5KJeMaA6oQQt7FinHJ0Xqb7k68Ci6Q==",
      "license": "MIT"
    },
    "node_modules/@types/css-font-loading-module": {
      "version": "0.0.7",
      "resolved": "https://registry.npmjs.org/@types/css-font-loading-module/-/css-font-loading-module-0.0.7.tgz",
      "integrity": "sha512-nl09VhutdjINdWyXxHWN/w9zlNCfr60JUqJbd24YXUuCwgeL0TpFSdElCwb6cxfB6ybE19Gjj4g0jsgkXxKv1Q==",
      "license": "MIT"
    },
    "node_modules/@types/node": {
      "version": "24.13.2",
      "resolved": "https://registry.npmjs.org/@types/node/-/node-24.13.2.tgz",
      "integrity": "sha512-fRa09kZTgu8o71KFcDjUFuc7F+dEbZYZmkI0mg5YBTRs0yMKjYHsq/c0urDKeDb+D5qVgXOdFcuu+DZPKOITwA==",
      "dev": true,
      "license": "MIT",
      "dependencies": {
        "undici-types": "~7.18.0"
      }
    },
    "node_modules/@xstate/fsm": {
      "version": "1.6.5",
      "resolved": "https://registry.npmjs.org/@xstate/fsm/-/fsm-1.6.5.tgz",
      "integrity": "sha512-b5o1I6aLNeYlU/3CPlj/Z91ybk1gUsKT+5NAJI+2W4UjvS5KLG28K9v5UvNoFVjHV8PajVZ00RH3vnjyQO7ZAw==",
      "license": "MIT"
    },
    "node_modules/base64-arraybuffer": {
      "version": "1.0.2",
      "resolved": "https://registry.npmjs.org/base64-arraybuffer/-/base64-arraybuffer-1.0.2.tgz",
      "integrity": "sha512-I3yl4r9QB5ZRY3XuJVEPfc2XhZO6YweFPI+UovAzn+8/hb3oJ6lnysaFcjVpkCPfVWFUDvoZ8kmVDP7WyRtYtQ==",
      "license": "MIT",
      "engines": {
        "node": ">= 0.6.0"
      }
    },
    "node_modules/fsevents": {
      "version": "2.3.2",
      "resolved": "https://registry.npmjs.org/fsevents/-/fsevents-2.3.2.tgz",
      "integrity": "sha512-xiqMQR4xAeHTuB9uWm+fFRcIOgKBMiOBP+eXiyT7jsgVCq1bkVygt00oASowB7EdtpOHaaPgKt812P9ab+DDKA==",
      "hasInstallScript": true,
      "license": "MIT",
      "optional": true,
      "os": [
        "darwin"
      ],
      "engines": {
        "node": "^8.16.0 || ^10.6.0 || >=11.0.0"
      }
    },
    "node_modules/mitt": {
      "version": "3.0.1",
      "resolved": "https://registry.npmjs.org/mitt/-/mitt-3.0.1.tgz",
      "integrity": "sha512-vKivATfr97l2/QBCYAkXYDbrIWPM2IIKEl7YPhjCvKlG3kE2gm+uBo6nEXK3M5/Ffh/FLpKExzOQ3JJoJGFKBw==",
      "license": "MIT"
    },
    "node_modules/nanoid": {
      "version": "3.3.15",
      "resolved": "https://registry.npmjs.org/nanoid/-/nanoid-3.3.15.tgz",
      "integrity": "sha512-y7Wygv/7mEOvxTuEQDB8StXdMRBWf1kR/tlhAzBRUFkB2jfcLOAxO/SHmOO2zgz1pVgK29/kyupn059/bCHdjA==",
      "funding": [
        {
          "type": "github",
          "url": "https://github.com/sponsors/ai"
        }
      ],
      "license": "MIT",
      "bin": {
        "nanoid": "bin/nanoid.cjs"
      },
      "engines": {
        "node": "^10 || ^12 || ^13.7 || ^14 || >=15.0.1"
      }
    },
    "node_modules/picocolors": {
      "version": "1.1.1",
      "resolved": "https://registry.npmjs.org/picocolors/-/picocolors-1.1.1.tgz",
      "integrity": "sha512-xceH2snhtb5M9liqDsmEw56le376mTZkEX/jEb/RxNFyegNul7eNslCXP9FDj/Lcu0X8KEyMceP2ntpaHrDEVA==",
      "license": "ISC"
    },
    "node_modules/playwright": {
      "version": "1.61.1",
      "resolved": "https://registry.npmjs.org/playwright/-/playwright-1.61.1.tgz",
      "integrity": "sha512-DWnY5o3YbLWK4GovuAVwpqL+1VwGNdUGrRr++8j8PtQQzvAVZUIMjKQ90fY689sEJZJBbZVw1rXaOKSTitkzPQ==",
      "license": "Apache-2.0",
      "dependencies": {
        "playwright-core": "1.61.1"
      },
      "bin": {
        "playwright": "cli.js"
      },
      "engines": {
        "node": ">=18"
      },
      "optionalDependencies": {
        "fsevents": "2.3.2"
      }
    },
    "node_modules/playwright-core": {
      "version": "1.61.1",
      "resolved": "https://registry.npmjs.org/playwright-core/-/playwright-core-1.61.1.tgz",
      "integrity": "sha512-h7Qlt6m4REp25qvIdvbDtVmD4LqVXfpRxhORv9L0jzETM05p4fuPJ3dKyuSXQxDSbXnmS79HAgi9589lGSpLkg==",
      "license": "Apache-2.0",
      "bin": {
        "playwright-core": "cli.js"
      },
      "engines": {
        "node": ">=18"
      }
    },
    "node_modules/postcss": {
      "version": "8.5.16",
      "resolved": "https://registry.npmjs.org/postcss/-/postcss-8.5.16.tgz",
      "integrity": "sha512-vuwillviilfKZsg0VGj5R/YwwcHx4SLsIOI/7K6mQkWx+l5cUHTjj5g0AasTBcyXsbfTgrwsUNmVUb5xVwyPwg==",
      "funding": [
        {
          "type": "opencollective",
          "url": "https://opencollective.com/postcss/"
        },
        {
          "type": "tidelift",
          "url": "https://tidelift.com/funding/github/npm/postcss"
        },
        {
          "type": "github",
          "url": "https://github.com/sponsors/ai"
        }
      ],
      "license": "MIT",
      "dependencies": {
        "nanoid": "^3.3.12",
        "picocolors": "^1.1.1",
        "source-map-js": "^1.2.1"
      },
      "engines": {
        "node": "^10 || ^12 || >=14"
      }
    },
    "node_modules/rrdom": {
      "version": "2.1.0",
      "resolved": "https://registry.npmjs.org/rrdom/-/rrdom-2.1.0.tgz",
      "integrity": "sha512-d7oaIHzwffxI74UJMZDGq/f97/Yfm3QX4CcTIlQelt2HsLavItLjp8x8nQ0g9Pet5+5wG1RGr9yvsxb1gJlo8A==",
      "license": "MIT",
      "dependencies": {
        "rrweb-snapshot": "^2.1.0"
      }
    },
    "node_modules/rrweb": {
      "version": "2.0.1",
      "resolved": "https://registry.npmjs.org/rrweb/-/rrweb-2.0.1.tgz",
      "integrity": "sha512-MQYzOtI7aZft9ffDMT6rmRSAj6hO4W6T7iA4eB9Mtcuiv3M7DbnnxDMrcPW0sQXepgYN46YhfSKe75d/mlUHrQ==",
      "license": "MIT",
      "dependencies": {
        "@rrweb/types": "^2.0.1",
        "@rrweb/utils": "^2.0.1",
        "@types/css-font-loading-module": "0.0.7",
        "@xstate/fsm": "^1.4.0",
        "base64-arraybuffer": "^1.0.1",
        "mitt": "^3.0.0",
        "rrdom": "^2.0.1",
        "rrweb-snapshot": "^2.0.1"
      }
    },
    "node_modules/rrweb-snapshot": {
      "version": "2.1.0",
      "resolved": "https://registry.npmjs.org/rrweb-snapshot/-/rrweb-snapshot-2.1.0.tgz",
      "integrity": "sha512-CFjUKWlO+Dl72gk8qwcDcNE/Pj9yr6IvGRAiRAx12pmJaSWaOKFoFgpQQ1j/mW0WKwEZXbHnMJL8M92gIsdwUQ==",
      "license": "MIT",
      "dependencies": {
        "postcss": "^8.4.38"
      }
    },
    "node_modules/source-map-js": {
      "version": "1.2.1",
      "resolved": "https://registry.npmjs.org/source-map-js/-/source-map-js-1.2.1.tgz",
      "integrity": "sha512-UXWMKhLOwVKb728IUtQPXxfYU+usdybtUrK/8uGE8CQMvrhOpwvzDBwj0QhSL7MQc7vIsISBG8VQ8+IDQxpfQA==",
      "license": "BSD-3-Clause",
      "engines": {
        "node": ">=0.10.0"
      }
    },
    "node_modules/typescript": {
      "version": "6.0.3",
      "resolved": "https://registry.npmjs.org/typescript/-/typescript-6.0.3.tgz",
      "integrity": "sha512-y2TvuxSZPDyQakkFRPZHKFm+KKVqIisdg9/CZwm9ftvKXLP8NRWj38/ODjNbr43SsoXqNuAisEf1GdCxqWcdBw==",
      "dev": true,
      "license": "Apache-2.0",
      "bin": {
        "tsc": "bin/tsc",
        "tsserver": "bin/tsserver"
      },
      "engines": {
        "node": ">=14.17"
      }
    },
    "node_modules/undici-types": {
      "version": "7.18.2",
      "resolved": "https://registry.npmjs.org/undici-types/-/undici-types-7.18.2.tgz",
      "integrity": "sha512-AsuCzffGHJybSaRrmr5eHr81mwJU3kjw6M+uprWvCXiNeN9SOGwQ3Jn8jb8m3Z6izVgknn1R0FTCEAP2QrLY/w==",
      "dev": true,
      "license": "MIT"
    },
    "node_modules/zod": {
      "version": "4.4.3",
      "resolved": "https://registry.npmjs.org/zod/-/zod-4.4.3.tgz",
      "integrity": "sha512-ytENFjIJFl2UwYglde2jchW2Hwm4GJFLDiSXWdTrJQBIN9Fcyp7n4DhxJEiWNAJMV1/BqWfW/kkg71UDcHJyTQ==",
      "license": "MIT",
      "funding": {
        "url": "https://github.com/sponsors/colinhacks"
      }
    },
    "packages/capture": {
      "name": "@heckle/capture",
      "version": "0.0.0",
      "dependencies": {
        "rrweb": "2.0.1"
      }
    },
    "packages/daemon": {
      "name": "@heckle/daemon",
      "version": "0.0.0",
      "bin": {
        "heckle-daemon": "src/main.ts"
      }
    },
    "packages/delivery": {
      "name": "@heckle/delivery",
      "version": "0.0.0"
    },
    "packages/mcp": {
      "name": "@heckle/mcp"
    },
    "packages/memory": {
      "name": "@heckle/memory",
      "version": "0.0.0"
    },
    "packages/providers": {
      "name": "@heckle/providers",
      "version": "0.0.0"
    },
    "packages/replay": {
      "name": "@heckle/replay",
      "version": "0.0.0"
    },
    "packages/shared": {
      "name": "@heckle/shared",
      "version": "0.0.0",
      "dependencies": {
        "zod": "4.4.3"
      }
    }
  }
}
